// !$*UTF8*$!
{
	archiveVersion = 1;
	classes = {
	};
	objectVersion = 46;
	objects = {

/* Begin PBXBuildFile section */
		0443B5DA18CF63F100D0E6AC /* Foundation.framework in Frameworks */ = {isa = PBXBuildFile; fileRef = 0443B5D918CF63F100D0E6AC /* Foundation.framework */; };
		0443B5DC18CF63F100D0E6AC /* CoreGraphics.framework in Frameworks */ = {isa = PBXBuildFile; fileRef = 0443B5DB18CF63F100D0E6AC /* CoreGraphics.framework */; };
		0443B5DE18CF63F100D0E6AC /* UIKit.framework in Frameworks */ = {isa = PBXBuildFile; fileRef = 0443B5DD18CF63F100D0E6AC /* UIKit.framework */; };
		0443B5E418CF63F100D0E6AC /* InfoPlist.strings in Resources */ = {isa = PBXBuildFile; fileRef = 0443B5E218CF63F100D0E6AC /* InfoPlist.strings */; };
		0443B5E618CF63F100D0E6AC /* main.m in Sources */ = {isa = PBXBuildFile; fileRef = 0443B5E518CF63F100D0E6AC /* main.m */; };
		0443B5EA18CF63F100D0E6AC /* AppDelegate.m in Sources */ = {isa = PBXBuildFile; fileRef = 0443B5E918CF63F100D0E6AC /* AppDelegate.m */; };
		0443B5ED18CF63F100D0E6AC /* Main.storyboard in Resources */ = {isa = PBXBuildFile; fileRef = 0443B5EB18CF63F100D0E6AC /* Main.storyboard */; };
		0443B5F018CF63F100D0E6AC /* ViewController.m in Sources */ = {isa = PBXBuildFile; fileRef = 0443B5EF18CF63F100D0E6AC /* ViewController.m */; };
		0443B5F218CF63F100D0E6AC /* Images.xcassets in Resources */ = {isa = PBXBuildFile; fileRef = 0443B5F118CF63F100D0E6AC /* Images.xcassets */; };
		0443B5F918CF63F100D0E6AC /* XCTest.framework in Frameworks */ = {isa = PBXBuildFile; fileRef = 0443B5F818CF63F100D0E6AC /* XCTest.framework */; };
		0443B5FA18CF63F100D0E6AC /* Foundation.framework in Frameworks */ = {isa = PBXBuildFile; fileRef = 0443B5D918CF63F100D0E6AC /* Foundation.framework */; };
		0443B5FB18CF63F100D0E6AC /* UIKit.framework in Frameworks */ = {isa = PBXBuildFile; fileRef = 0443B5DD18CF63F100D0E6AC /* UIKit.framework */; };
		0443B60318CF63F100D0E6AC /* InfoPlist.strings in Resources */ = {isa = PBXBuildFile; fileRef = 0443B60118CF63F100D0E6AC /* InfoPlist.strings */; };
		0443B60518CF63F100D0E6AC /* progressBarTests.m in Sources */ = {isa = PBXBuildFile; fileRef = 0443B60418CF63F100D0E6AC /* progressBarTests.m */; };
		0443B61018CF645400D0E6AC /* TableViewCell.m in Sources */ = {isa = PBXBuildFile; fileRef = 0443B60F18CF645400D0E6AC /* TableViewCell.m */; };
		8B12A56218D0A108009E856F /* UIControl-JTTargetActionBlock.m in Sources */ = {isa = PBXBuildFile; fileRef = 8B12A56118D0A108009E856F /* UIControl-JTTargetActionBlock.m */; };
		8B12A56518D0A3E4009E856F /* NSTimer+Blocks.m in Sources */ = {isa = PBXBuildFile; fileRef = 8B12A56418D0A3E4009E856F /* NSTimer+Blocks.m */; };
/* End PBXBuildFile section */

/* Begin PBXContainerItemProxy section */
		0443B5FC18CF63F100D0E6AC /* PBXContainerItemProxy */ = {
			isa = PBXContainerItemProxy;
			containerPortal = 0443B5CE18CF63F100D0E6AC /* Project object */;
			proxyType = 1;
			remoteGlobalIDString = 0443B5D518CF63F100D0E6AC;
			remoteInfo = progressBar;
		};
/* End PBXContainerItemProxy section */

/* Begin PBXFileReference section */
		0443B5D618CF63F100D0E6AC /* progressBar.app */ = {isa = PBXFileReference; explicitFileType = wrapper.application; includeInIndex = 0; path = progressBar.app; sourceTree = BUILT_PRODUCTS_DIR; };
		0443B5D918CF63F100D0E6AC /* Foundation.framework */ = {isa = PBXFileReference; lastKnownFileType = wrapper.framework; name = Foundation.framework; path = System/Library/Frameworks/Foundation.framework; sourceTree = SDKROOT; };
		0443B5DB18CF63F100D0E6AC /* CoreGraphics.framework */ = {isa = PBXFileReference; lastKnownFileType = wrapper.framework; name = CoreGraphics.framework; path = System/Library/Frameworks/CoreGraphics.framework; sourceTree = SDKROOT; };
		0443B5DD18CF63F100D0E6AC /* UIKit.framework */ = {isa = PBXFileReference; lastKnownFileType = wrapper.framework; name = UIKit.framework; path = System/Library/Frameworks/UIKit.framework; sourceTree = SDKROOT; };
		0443B5E118CF63F100D0E6AC /* progressBar-Info.plist */ = {isa = PBXFileReference; lastKnownFileType = text.plist.xml; path = "progressBar-Info.plist"; sourceTree = "<group>"; };
		0443B5E318CF63F100D0E6AC /* en */ = {isa = PBXFileReference; lastKnownFileType = text.plist.strings; name = en; path = en.lproj/InfoPlist.strings; sourceTree = "<group>"; };
		0443B5E518CF63F100D0E6AC /* main.m */ = {isa = PBXFileReference; lastKnownFileType = sourcecode.c.objc; path = main.m; sourceTree = "<group>"; };
		0443B5E718CF63F100D0E6AC /* progressBar-Prefix.pch */ = {isa = PBXFileReference; lastKnownFileType = sourcecode.c.h; path = "progressBar-Prefix.pch"; sourceTree = "<group>"; };
		0443B5E818CF63F100D0E6AC /* AppDelegate.h */ = {isa = PBXFileReference; lastKnownFileType = sourcecode.c.h; path = AppDelegate.h; sourceTree = "<group>"; };
		0443B5E918CF63F100D0E6AC /* AppDelegate.m */ = {isa = PBXFileReference; lastKnownFileType = sourcecode.c.objc; path = AppDelegate.m; sourceTree = "<group>"; };
		0443B5EC18CF63F100D0E6AC /* Base */ = {isa = PBXFileReference; lastKnownFileType = file.storyboard; name = Base; path = Base.lproj/Main.storyboard; sourceTree = "<group>"; };
		0443B5EE18CF63F100D0E6AC /* ViewController.h */ = {isa = PBXFileReference; lastKnownFileType = sourcecode.c.h; path = ViewController.h; sourceTree = "<group>"; };
		0443B5EF18CF63F100D0E6AC /* ViewController.m */ = {isa = PBXFileReference; lastKnownFileType = sourcecode.c.objc; path = ViewController.m; sourceTree = "<group>"; };
		0443B5F118CF63F100D0E6AC /* Images.xcassets */ = {isa = PBXFileReference; lastKnownFileType = folder.assetcatalog; path = Images.xcassets; sourceTree = "<group>"; };
		0443B5F718CF63F100D0E6AC /* progressBarTests.xctest */ = {isa = PBXFileReference; explicitFileType = wrapper.cfbundle; includeInIndex = 0; path = progressBarTests.xctest; sourceTree = BUILT_PRODUCTS_DIR; };
		0443B5F818CF63F100D0E6AC /* XCTest.framework */ = {isa = PBXFileReference; lastKnownFileType = wrapper.framework; name = XCTest.framework; path = Library/Frameworks/XCTest.framework; sourceTree = DEVELOPER_DIR; };
		0443B60018CF63F100D0E6AC /* progressBarTests-Info.plist */ = {isa = PBXFileReference; lastKnownFileType = text.plist.xml; path = "progressBarTests-Info.plist"; sourceTree = "<group>"; };
		0443B60218CF63F100D0E6AC /* en */ = {isa = PBXFileReference; lastKnownFileType = text.plist.strings; name = en; path = en.lproj/InfoPlist.strings; sourceTree = "<group>"; };
		0443B60418CF63F100D0E6AC /* progressBarTests.m */ = {isa = PBXFileReference; lastKnownFileType = sourcecode.c.objc; path = progressBarTests.m; sourceTree = "<group>"; };
		0443B60E18CF645400D0E6AC /* TableViewCell.h */ = {isa = PBXFileReference; fileEncoding = 4; lastKnownFileType = sourcecode.c.h; path = TableViewCell.h; sourceTree = "<group>"; };
		0443B60F18CF645400D0E6AC /* TableViewCell.m */ = {isa = PBXFileReference; fileEncoding = 4; lastKnownFileType = sourcecode.c.objc; path = TableViewCell.m; sourceTree = "<group>"; };
		8B12A56018D0A108009E856F /* UIControl-JTTargetActionBlock.h */ = {isa = PBXFileReference; fileEncoding = 4; lastKnownFileType = sourcecode.c.h; path = "UIControl-JTTargetActionBlock.h"; sourceTree = "<group>"; };
		8B12A56118D0A108009E856F /* UIControl-JTTargetActionBlock.m */ = {isa = PBXFileReference; fileEncoding = 4; lastKnownFileType = sourcecode.c.objc; path = "UIControl-JTTargetActionBlock.m"; sourceTree = "<group>"; };
		8B12A56318D0A3E4009E856F /* NSTimer+Blocks.h */ = {isa = PBXFileReference; fileEncoding = 4; lastKnownFileType = sourcecode.c.h; path = "NSTimer+Blocks.h"; sourceTree = "<group>"; };
		8B12A56418D0A3E4009E856F /* NSTimer+Blocks.m */ = {isa = PBXFileReference; fileEncoding = 4; lastKnownFileType = sourcecode.c.objc; path = "NSTimer+Blocks.m"; sourceTree = "<group>"; };
/* End PBXFileReference section */

/* Begin PBXFrameworksBuildPhase section */
		0443B5D318CF63F100D0E6AC /* Frameworks */ = {
			isa = PBXFrameworksBuildPhase;
			buildActionMask = 2147483647;
			files = (
				0443B5DC18CF63F100D0E6AC /* CoreGraphics.framework in Frameworks */,
				0443B5DE18CF63F100D0E6AC /* UIKit.framework in Frameworks */,
				0443B5DA18CF63F100D0E6AC /* Foundation.framework in Frameworks */,
			);
			runOnlyForDeploymentPostprocessing = 0;
		};
		0443B5F418CF63F100D0E6AC /* Frameworks */ = {
			isa = PBXFrameworksBuildPhase;
			buildActionMask = 2147483647;
			files = (
				0443B5F918CF63F100D0E6AC /* XCTest.framework in Frameworks */,
				0443B5FB18CF63F100D0E6AC /* UIKit.framework in Frameworks */,
				0443B5FA18CF63F100D0E6AC /* Foundation.framework in Frameworks */,
			);
			runOnlyForDeploymentPostprocessing = 0;
		};
/* End PBXFrameworksBuildPhase section */

/* Begin PBXGroup section */
		0443B5CD18CF63F100D0E6AC = {
			isa = PBXGroup;
			children = (
				0443B5DF18CF63F100D0E6AC /* progressBar */,
				0443B5FE18CF63F100D0E6AC /* progressBarTests */,
				0443B5D818CF63F100D0E6AC /* Frameworks */,
				0443B5D718CF63F100D0E6AC /* Products */,
			);
			sourceTree = "<group>";
		};
		0443B5D718CF63F100D0E6AC /* Products */ = {
			isa = PBXGroup;
			children = (
				0443B5D618CF63F100D0E6AC /* progressBar.app */,
				0443B5F718CF63F100D0E6AC /* progressBarTests.xctest */,
			);
			name = Products;
			sourceTree = "<group>";
		};
		0443B5D818CF63F100D0E6AC /* Frameworks */ = {
			isa = PBXGroup;
			children = (
				0443B5D918CF63F100D0E6AC /* Foundation.framework */,
				0443B5DB18CF63F100D0E6AC /* CoreGraphics.framework */,
				0443B5DD18CF63F100D0E6AC /* UIKit.framework */,
				0443B5F818CF63F100D0E6AC /* XCTest.framework */,
			);
			name = Frameworks;
			sourceTree = "<group>";
		};
		0443B5DF18CF63F100D0E6AC /* progressBar */ = {
			isa = PBXGroup;
			children = (
				0443B5E818CF63F100D0E6AC /* AppDelegate.h */,
				0443B5E918CF63F100D0E6AC /* AppDelegate.m */,
				8B12A56318D0A3E4009E856F /* NSTimer+Blocks.h */,
				8B12A56418D0A3E4009E856F /* NSTimer+Blocks.m */,
				8B12A56018D0A108009E856F /* UIControl-JTTargetActionBlock.h */,
				8B12A56118D0A108009E856F /* UIControl-JTTargetActionBlock.m */,
				0443B5EB18CF63F100D0E6AC /* Main.storyboard */,
				0443B60E18CF645400D0E6AC /* TableViewCell.h */,
				0443B60F18CF645400D0E6AC /* TableViewCell.m */,
				0443B5EE18CF63F100D0E6AC /* ViewController.h */,
				0443B5EF18CF63F100D0E6AC /* ViewController.m */,
				0443B5F118CF63F100D0E6AC /* Images.xcassets */,
				0443B5E018CF63F100D0E6AC /* Supporting Files */,
			);
			path = progressBar;
			sourceTree = "<group>";
		};
		0443B5E018CF63F100D0E6AC /* Supporting Files */ = {
			isa = PBXGroup;
			children = (
				0443B5E118CF63F100D0E6AC /* progressBar-Info.plist */,
				0443B5E218CF63F100D0E6AC /* InfoPlist.strings */,
				0443B5E518CF63F100D0E6AC /* main.m */,
				0443B5E718CF63F100D0E6AC /* progressBar-Prefix.pch */,
			);
			name = "Supporting Files";
			sourceTree = "<group>";
		};
		0443B5FE18CF63F100D0E6AC /* progressBarTests */ = {
			isa = PBXGroup;
			children = (
				0443B60418CF63F100D0E6AC /* progressBarTests.m */,
				0443B5FF18CF63F100D0E6AC /* Supporting Files */,
			);
			path = progressBarTests;
			sourceTree = "<group>";
		};
		0443B5FF18CF63F100D0E6AC /* Supporting Files */ = {
			isa = PBXGroup;
			children = (
				0443B60018CF63F100D0E6AC /* progressBarTests-Info.plist */,
				0443B60118CF63F100D0E6AC /* InfoPlist.strings */,
			);
			name = "Supporting Files";
			sourceTree = "<group>";
		};
/* End PBXGroup section */

/* Begin PBXNativeTarget section */
		0443B5D518CF63F100D0E6AC /* progressBar */ = {
			isa = PBXNativeTarget;
			buildConfigurationList = 0443B60818CF63F100D0E6AC /* Build configuration list for PBXNativeTarget "progressBar" */;
			buildPhases = (
				0443B5D218CF63F100D0E6AC /* Sources */,
				0443B5D318CF63F100D0E6AC /* Frameworks */,
				0443B5D418CF63F100D0E6AC /* Resources */,
			);
			buildRules = (
			);
			dependencies = (
			);
			name = progressBar;
			productName = progressBar;
			productReference = 0443B5D618CF63F100D0E6AC /* progressBar.app */;
			productType = "com.apple.product-type.application";
		};
		0443B5F618CF63F100D0E6AC /* progressBarTests */ = {
			isa = PBXNativeTarget;
			buildConfigurationList = 0443B60B18CF63F100D0E6AC /* Build configuration list for PBXNativeTarget "progressBarTests" */;
			buildPhases = (
				0443B5F318CF63F100D0E6AC /* Sources */,
				0443B5F418CF63F100D0E6AC /* Frameworks */,
				0443B5F518CF63F100D0E6AC /* Resources */,
			);
			buildRules = (
			);
			dependencies = (
				0443B5FD18CF63F100D0E6AC /* PBXTargetDependency */,
			);
			name = progressBarTests;
			productName = progressBarTests;
			productReference = 0443B5F718CF63F100D0E6AC /* progressBarTests.xctest */;
			productType = "com.apple.product-type.bundle.unit-test";
		};
/* End PBXNativeTarget section */

/* Begin PBXProject section */
		0443B5CE18CF63F100D0E6AC /* Project object */ = {
			isa = PBXProject;
			attributes = {
				LastUpgradeCheck = 0510;
				ORGANIZATIONNAME = mac;
				TargetAttributes = {
					0443B5F618CF63F100D0E6AC = {
						TestTargetID = 0443B5D518CF63F100D0E6AC;
					};
				};
			};
			buildConfigurationList = 0443B5D118CF63F100D0E6AC /* Build configuration list for PBXProject "progressBar" */;
			compatibilityVersion = "Xcode 3.2";
			developmentRegion = English;
			hasScannedForEncodings = 0;
			knownRegions = (
				en,
				Base,
			);
			mainGroup = 0443B5CD18CF63F100D0E6AC;
			productRefGroup = 0443B5D718CF63F100D0E6AC /* Products */;
			projectDirPath = "";
			projectRoot = "";
			targets = (
				0443B5D518CF63F100D0E6AC /* progressBar */,
				0443B5F618CF63F100D0E6AC /* progressBarTests */,
			);
		};
/* End PBXProject section */

/* Begin PBXResourcesBuildPhase section */
		0443B5D418CF63F100D0E6AC /* Resources */ = {
			isa = PBXResourcesBuildPhase;
			buildActionMask = 2147483647;
			files = (
				0443B5F218CF63F100D0E6AC /* Images.xcassets in Resources */,
				0443B5E418CF63F100D0E6AC /* InfoPlist.strings in Resources */,
				0443B5ED18CF63F100D0E6AC /* Main.storyboard in Resources */,
			);
			runOnlyForDeploymentPostprocessing = 0;
		};
		0443B5F518CF63F100D0E6AC /* Resources */ = {
			isa = PBXResourcesBuildPhase;
			buildActionMask = 2147483647;
			files = (
				0443B60318CF63F100D0E6AC /* InfoPlist.strings in Resources */,
			);
			runOnlyForDeploymentPostprocessing = 0;
		};
/* End PBXResourcesBuildPhase section */

/* Begin PBXSourcesBuildPhase section */
		0443B5D218CF63F100D0E6AC /* Sources */ = {
			isa = PBXSourcesBuildPhase;
			buildActionMask = 2147483647;
			files = (
				8B12A56518D0A3E4009E856F /* NSTimer+Blocks.m in Sources */,
				8B12A56218D0A108009E856F /* UIControl-JTTargetActionBlock.m in Sources */,
				0443B5F018CF63F100D0E6AC /* ViewController.m in Sources */,
				0443B61018CF645400D0E6AC /* TableViewCell.m in Sources */,
				0443B5EA18CF63F100D0E6AC /* AppDelegate.m in Sources */,
				0443B5E618CF63F100D0E6AC /* main.m in Sources */,
			);
			runOnlyForDeploymentPostprocessing = 0;
		};
		0443B5F318CF63F100D0E6AC /* Sources */ = {
			isa = PBXSourcesBuildPhase;
			buildActionMask = 2147483647;
			files = (
				0443B60518CF63F100D0E6AC /* progressBarTests.m in Sources */,
			);
			runOnlyForDeploymentPostprocessing = 0;
		};
/* End PBXSourcesBuildPhase section */

/* Begin PBXTargetDependency section */
		0443B5FD18CF63F100D0E6AC /* PBXTargetDependency */ = {
			isa = PBXTargetDependency;
			target = 0443B5D518CF63F100D0E6AC /* progressBar */;
			targetProxy = 0443B5FC18CF63F100D0E6AC /* PBXContainerItemProxy */;
		};
/* End PBXTargetDependency section */

/* Begin PBXVariantGroup section */
		0443B5E218CF63F100D0E6AC /* InfoPlist.strings */ = {
			isa = PBXVariantGroup;
			children = (
				0443B5E318CF63F100D0E6AC /* en */,
			);
			name = InfoPlist.strings;
			sourceTree = "<group>";
		};
		0443B5EB18CF63F100D0E6AC /* Main.storyboard */ = {
			isa = PBXVariantGroup;
			children = (
				0443B5EC18CF63F100D0E6AC /* Base */,
			);
			name = Main.storyboard;
			sourceTree = "<group>";
		};
		0443B60118CF63F100D0E6AC /* InfoPlist.strings */ = {
			isa = PBXVariantGroup;
			children = (
				0443B60218CF63F100D0E6AC /* en */,
			);
			name = InfoPlist.strings;
			sourceTree = "<group>";
		};
/* End PBXVariantGroup section */

/* Begin XCBuildConfiguration section */
		0443B60618CF63F100D0E6AC /* Debug */ = {
			isa = XCBuildConfiguration;
			buildSettings = {
				ALWAYS_SEARCH_USER_PATHS = NO;
				CLANG_CXX_LANGUAGE_STANDARD = "gnu++0x";
				CLANG_CXX_LIBRARY = "libc++";
				CLANG_ENABLE_MODULES = YES;
				CLANG_ENABLE_OBJC_ARC = YES;
				CLANG_WARN_BOOL_CONVERSION = YES;
				CLANG_WARN_CONSTANT_CONVERSION = YES;
				CLANG_WARN_DIRECT_OBJC_ISA_USAGE = YES_ERROR;
				CLANG_WARN_EMPTY_BODY = YES;
				CLANG_WARN_ENUM_CONVERSION = YES;
				CLANG_WARN_INT_CONVERSION = YES;
				CLANG_WARN_OBJC_ROOT_CLASS = YES_ERROR;
				CLANG_WARN__DUPLICATE_METHOD_MATCH = YES;
				"CODE_SIGN_IDENTITY[sdk=iphoneos*]" = "iPhone Developer";
				COPY_PHASE_STRIP = NO;
				GCC_C_LANGUAGE_STANDARD = gnu99;
				GCC_DYNAMIC_NO_PIC = NO;
				GCC_OPTIMIZATION_LEVEL = 0;
				GCC_PREPROCESSOR_DEFINITIONS = (
					"DEBUG=1",
					"$(inherited)",
				);
				GCC_SYMBOLS_PRIVATE_EXTERN = NO;
				GCC_WARN_64_TO_32_BIT_CONVERSION = YES;
				GCC_WARN_ABOUT_RETURN_TYPE = YES_ERROR;
				GCC_WARN_UNDECLARED_SELECTOR = YES;
				GCC_WARN_UNINITIALIZED_AUTOS = YES_AGGRESSIVE;
				GCC_WARN_UNUSED_FUNCTION = YES;
				GCC_WARN_UNUSED_VARIABLE = YES;
				IPHONEOS_DEPLOYMENT_TARGET = 7.1;
				ONLY_ACTIVE_ARCH = YES;
				SDKROOT = iphoneos;
			};
			name = Debug;
		};
		0443B60718CF63F100D0E6AC /* Release */ = {
			isa = XCBuildConfiguration;
			buildSettings = {
				ALWAYS_SEARCH_USER_PATHS = NO;
				CLANG_CXX_LANGUAGE_STANDARD = "gnu++0x";
				CLANG_CXX_LIBRARY = "libc++";
				CLANG_ENABLE_MODULES = YES;
				CLANG_ENABLE_OBJC_ARC = YES;
				CLANG_WARN_BOOL_CONVERSION = YES;
				CLANG_WARN_CONSTANT_CONVERSION = YES;
				CLANG_WARN_DIRECT_OBJC_ISA_USAGE = YES_ERROR;
				CLANG_WARN_EMPTY_BODY = YES;
				CLANG_WARN_ENUM_CONVERSION = YES;
				CLANG_WARN_INT_CONVERSION = YES;
				CLANG_WARN_OBJC_ROOT_CLASS = YES_ERROR;
				CLANG_WARN__DUPLICATE_METHOD_MATCH = YES;
				"CODE_SIGN_IDENTITY[sdk=iphoneos*]" = "iPhone Developer";
				COPY_PHASE_STRIP = YES;
				ENABLE_NS_ASSERTIONS = NO;
				GCC_C_LANGUAGE_STANDARD = gnu99;
				GCC_WARN_64_TO_32_BIT_CONVERSION = YES;
				GCC_WARN_ABOUT_RETURN_TYPE = YES_ERROR;
				GCC_WARN_UNDECLARED_SELECTOR = YES;
				GCC_WARN_UNINITIALIZED_AUTOS = YES_AGGRESSIVE;
				GCC_WARN_UNUSED_FUNCTION = YES;
				GCC_WARN_UNUSED_VARIABLE = YES;
				IPHONEOS_DEPLOYMENT_TARGET = 7.1;
				SDKROOT = iphoneos;
				VALIDATE_PRODUCT = YES;
			};
			name = Release;
		};
		0443B60918CF63F100D0E6AC /* Debug */ = {
			isa = XCBuildConfiguration;
			buildSettings = {
				ASSETCATALOG_COMPILER_APPICON_NAME = AppIcon;
				ASSETCATALOG_COMPILER_LAUNCHIMAGE_NAME = LaunchImage;
				GCC_PRECOMPILE_PREFIX_HEADER = YES;
				GCC_PREFIX_HEADER = "progressBar/progressBar-Prefix.pch";
				INFOPLIST_FILE = "progressBar/progressBar-Info.plist";
				PRODUCT_NAME = "$(TARGET_NAME)";
				WRAPPER_EXTENSION = app;
			};
			name = Debug;
		};
		0443B60A18CF63F100D0E6AC /* Release */ = {
			isa = XCBuildConfiguration;
			buildSettings = {
				ASSETCATALOG_COMPILER_APPICON_NAME = AppIcon;
				ASSETCATALOG_COMPILER_LAUNCHIMAGE_NAME = LaunchImage;
				GCC_PRECOMPILE_PREFIX_HEADER = YES;
				GCC_PREFIX_HEADER = "progressBar/progressBar-Prefix.pch";
				INFOPLIST_FILE = "progressBar/progressBar-Info.plist";
				PRODUCT_NAME = "$(TARGET_NAME)";
				WRAPPER_EXTENSION = app;
			};
			name = Release;
		};
		0443B60C18CF63F100D0E6AC /* Debug */ = {
			isa = XCBuildConfiguration;
			buildSettings = {
				BUNDLE_LOADER = "$(BUILT_PRODUCTS_DIR)/progressBar.app/progressBar";
				FRAMEWORK_SEARCH_PATHS = (
					"$(SDKROOT)/Developer/Library/Frameworks",
					"$(inherited)",
					"$(DEVELOPER_FRAMEWORKS_DIR)",
				);
				GCC_PRECOMPILE_PREFIX_HEADER = YES;
				GCC_PREFIX_HEADER = "progressBar/progressBar-Prefix.pch";
				GCC_PREPROCESSOR_DEFINITIONS = (
					"DEBUG=1",
					"$(inherited)",
				);
				INFOPLIST_FILE = "progressBarTests/progressBarTests-Info.plist";
				PRODUCT_NAME = "$(TARGET_NAME)";
				TEST_HOST = "$(BUNDLE_LOADER)";
				WRAPPER_EXTENSION = xctest;
			};
			name = Debug;
		};
		0443B60D18CF63F100D0E6AC /* Release */ = {
			isa = XCBuildConfiguration;
			buildSettings = {
				BUNDLE_LOADER = "$(BUILT_PRODUCTS_DIR)/progressBar.app/progressBar";
				FRAMEWORK_SEARCH_PATHS = (
					"$(SDKROOT)/Developer/Library/Frameworks",
					"$(inherited)",
					"$(DEVELOPER_FRAMEWORKS_DIR)",
				);
				GCC_PRECOMPILE_PREFIX_HEADER = YES;
				GCC_PREFIX_HEADER = "progressBar/progressBar-Prefix.pch";
				INFOPLIST_FILE = "progressBarTests/progressBarTests-Info.plist";
				PRODUCT_NAME = "$(TARGET_NAME)";
				TEST_HOST = "$(BUNDLE_LOADER)";
				WRAPPER_EXTENSION = xctest;
			};
			name = Release;
		};
/* End XCBuildConfiguration section */

/* Begin XCConfigurationList section */
		0443B5D118CF63F100D0E6AC /* Build configuration list for PBXProject "progressBar" */ = {
			isa = XCConfigurationList;
			buildConfigurations = (
				0443B60618CF63F100D0E6AC /* Debug */,
				0443B60718CF63F100D0E6AC /* Release */,
			);
			defaultConfigurationIsVisible = 0;
			defaultConfigurationName = Release;
		};
		0443B60818CF63F100D0E6AC /* Build configuration list for PBXNativeTarget "progressBar" */ = {
			isa = XCConfigurationList;
			buildConfigurations = (
				0443B60918CF63F100D0E6AC /* Debug */,
				0443B60A18CF63F100D0E6AC /* Release */,
			);
			defaultConfigurationIsVisible = 0;
			defaultConfigurationName = Release;
		};
		0443B60B18CF63F100D0E6AC /* Build configuration list for PBXNativeTarget "progressBarTests" */ = {
			isa = XCConfigurationList;
			buildConfigurations = (
				0443B60C18CF63F100D0E6AC /* Debug */,
				0443B60D18CF63F100D0E6AC /* Release */,
			);
			defaultConfigurationIsVisible = 0;
			defaultConfigurationName = Release;
		};
/* End XCConfigurationList section */
	};
	rootObject = 0443B5CE18CF63F100D0E6AC /* Project object */;
}
